// !$*UTF8*$!
{
	archiveVersion = 1;
	classes = {
	};
	objectVersion = 56;
	objects = {

/* Begin PBXBuildFile section */
		CA0020C0293F03A90002DE32 /* main.cpp in Sources */ = {isa = PBXBuildFile; fileRef = CA0020BF293F03A90002DE32 /* main.cpp */; };
/* End PBXBuildFile section */

/* Begin PBXCopyFilesBuildPhase section */
		CA0020BA293F03A90002DE32 /* CopyFiles */ = {
			isa = PBXCopyFilesBuildPhase;
			buildActionMask = 2147483647;
			dstPath = /usr/share/man/man1/;
			dstSubfolderSpec = 0;
			files = (
			);
			runOnlyForDeploymentPostprocessing = 1;
		};
/* End PBXCopyFilesBuildPhase section */

/* Begin PBXFileReference section */
		CA0020BC293F03A90002DE32 /* TradingSystem */ = {isa = PBXFileReference; explicitFileType = "compiled.mach-o.executable"; includeInIndex = 0; path = TradingSystem; sourceTree = BUILT_PRODUCTS_DIR; };
		CA0020BF293F03A90002DE32 /* main.cpp */ = {isa = PBXFileReference; lastKnownFileType = sourcecode.cpp.cpp; path = main.cpp; sourceTree = "<group>"; };
		CA0020C6293F03D00002DE32 /* products.hpp */ = {isa = PBXFileReference; fileEncoding = 4; lastKnownFileType = sourcecode.cpp.h; path = products.hpp; sourceTree = "<group>"; };
		CA0020C7293F03D00002DE32 /* streamingservice.hpp */ = {isa = PBXFileReference; fileEncoding = 4; lastKnownFileType = sourcecode.cpp.h; path = streamingservice.hpp; sourceTree = "<group>"; };
		CA0020C8293F03D00002DE32 /* executionservice.hpp */ = {isa = PBXFileReference; fileEncoding = 4; lastKnownFileType = sourcecode.cpp.h; path = executionservice.hpp; sourceTree = "<group>"; };
		CA0020C9293F03D00002DE32 /* historicaldataservice.hpp */ = {isa = PBXFileReference; fileEncoding = 4; lastKnownFileType = sourcecode.cpp.h; path = historicaldataservice.hpp; sourceTree = "<group>"; };
		CA0020CA293F03D00002DE32 /* riskservice.hpp */ = {isa = PBXFileReference; fileEncoding = 4; lastKnownFileType = sourcecode.cpp.h; path = riskservice.hpp; sourceTree = "<group>"; };
		CA0020CB293F03D00002DE32 /* inquiryservice.hpp */ = {isa = PBXFileReference; fileEncoding = 4; lastKnownFileType = sourcecode.cpp.h; path = inquiryservice.hpp; sourceTree = "<group>"; };
		CA0020CC293F03D00002DE32 /* positionservice.hpp */ = {isa = PBXFileReference; fileEncoding = 4; lastKnownFileType = sourcecode.cpp.h; path = positionservice.hpp; sourceTree = "<group>"; };
		CA0020CD293F03D00002DE32 /* soa.hpp */ = {isa = PBXFileReference; fileEncoding = 4; indentWidth = 4; lastKnownFileType = sourcecode.cpp.h; path = soa.hpp; sourceTree = "<group>"; tabWidth = 4; usesTabs = 0; };
		CA0020CE293F03D00002DE32 /* pricingservice.hpp */ = {isa = PBXFileReference; fileEncoding = 4; lastKnownFileType = sourcecode.cpp.h; path = pricingservice.hpp; sourceTree = "<group>"; };
		CA0020CF293F03D00002DE32 /* tradebookingservice.hpp */ = {isa = PBXFileReference; fileEncoding = 4; lastKnownFileType = sourcecode.cpp.h; path = tradebookingservice.hpp; sourceTree = "<group>"; };
		CA0020D0293F03D00002DE32 /* marketdataservice.hpp */ = {isa = PBXFileReference; fileEncoding = 4; lastKnownFileType = sourcecode.cpp.h; path = marketdataservice.hpp; sourceTree = "<group>"; };
		CA82A46529456C3B006339D1 /* initialization.hpp */ = {isa = PBXFileReference; explicitFileType = sourcecode.cpp.h; path = initialization.hpp; sourceTree = "<group>"; };
		CA82A46E2945A10E006339D1 /* utilities.hpp */ = {isa = PBXFileReference; lastKnownFileType = sourcecode.cpp.h; path = utilities.hpp; sourceTree = "<group>"; };
/* End PBXFileReference section */

/* Begin PBXFrameworksBuildPhase section */
		CA0020B9293F03A90002DE32 /* Frameworks */ = {
			isa = PBXFrameworksBuildPhase;
			buildActionMask = 2147483647;
			files = (
			);
			runOnlyForDeploymentPostprocessing = 0;
		};
/* End PBXFrameworksBuildPhase section */

/* Begin PBXGroup section */
		CA0020B3293F03A90002DE32 = {
			isa = PBXGroup;
			children = (
				CA0020BE293F03A90002DE32 /* TradingSystem */,
				CA0020BD293F03A90002DE32 /* Products */,
			);
			sourceTree = "<group>";
		};
		CA0020BD293F03A90002DE32 /* Products */ = {
			isa = PBXGroup;
			children = (
				CA0020BC293F03A90002DE32 /* TradingSystem */,
			);
			name = Products;
			sourceTree = "<group>";
		};
		CA0020BE293F03A90002DE32 /* TradingSystem */ = {
			isa = PBXGroup;
			children = (
				CA82A46529456C3B006339D1 /* initialization.hpp */,
				CA0020CD293F03D00002DE32 /* soa.hpp */,
				CA0020C6293F03D00002DE32 /* products.hpp */,
				CA0020BF293F03A90002DE32 /* main.cpp */,
				CA0020D0293F03D00002DE32 /* marketdataservice.hpp */,
				CA0020C8293F03D00002DE32 /* executionservice.hpp */,
				CA0020C9293F03D00002DE32 /* historicaldataservice.hpp */,
				CA0020CB293F03D00002DE32 /* inquiryservice.hpp */,
				CA0020CC293F03D00002DE32 /* positionservice.hpp */,
				CA0020CE293F03D00002DE32 /* pricingservice.hpp */,
				CA0020CA293F03D00002DE32 /* riskservice.hpp */,
				CA0020C7293F03D00002DE32 /* streamingservice.hpp */,
				CA0020CF293F03D00002DE32 /* tradebookingservice.hpp */,
				CA82A46E2945A10E006339D1 /* utilities.hpp */,
			);
			path = TradingSystem;
			sourceTree = "<group>";
		};
/* End PBXGroup section */

/* Begin PBXNativeTarget section */
		CA0020BB293F03A90002DE32 /* TradingSystem */ = {
			isa = PBXNativeTarget;
			buildConfigurationList = CA0020C3293F03A90002DE32 /* Build configuration list for PBXNativeTarget "TradingSystem" */;
			buildPhases = (
				CA0020B8293F03A90002DE32 /* Sources */,
				CA0020B9293F03A90002DE32 /* Frameworks */,
				CA0020BA293F03A90002DE32 /* CopyFiles */,
			);
			buildRules = (
			);
			dependencies = (
			);
			name = TradingSystem;
			productName = TradingSystem;
			productReference = CA0020BC293F03A90002DE32 /* TradingSystem */;
			productType = "com.apple.product-type.tool";
		};
/* End PBXNativeTarget section */

/* Begin PBXProject section */
		CA0020B4293F03A90002DE32 /* Project object */ = {
			isa = PBXProject;
			attributes = {
				BuildIndependentTargetsInParallel = 1;
				LastUpgradeCheck = 1410;
				TargetAttributes = {
					CA0020BB293F03A90002DE32 = {
						CreatedOnToolsVersion = 14.1;
					};
				};
			};
			buildConfigurationList = CA0020B7293F03A90002DE32 /* Build configuration list for PBXProject "TradingSystem" */;
			compatibilityVersion = "Xcode 14.0";
			developmentRegion = en;
			hasScannedForEncodings = 0;
			knownRegions = (
				en,
				Base,
			);
			mainGroup = CA0020B3293F03A90002DE32;
			productRefGroup = CA0020BD293F03A90002DE32 /* Products */;
			projectDirPath = "";
			projectRoot = "";
			targets = (
				CA0020BB293F03A90002DE32 /* TradingSystem */,
			);
		};
/* End PBXProject section */

/* Begin PBXSourcesBuildPhase section */
		CA0020B8293F03A90002DE32 /* Sources */ = {
			isa = PBXSourcesBuildPhase;
			buildActionMask = 2147483647;
			files = (
				CA0020C0293F03A90002DE32 /* main.cpp in Sources */,
			);
			runOnlyForDeploymentPostprocessing = 0;
		};
/* End PBXSourcesBuildPhase section */

/* Begin XCBuildConfiguration section */
		CA0020C1293F03A90002DE32 /* Debug */ = {
			isa = XCBuildConfiguration;
			buildSettings = {
				ALWAYS_SEARCH_USER_PATHS = NO;
				CLANG_ANALYZER_NONNULL = YES;
				CLANG_ANALYZER_NUMBER_OBJECT_CONVERSION = YES_AGGRESSIVE;
				CLANG_CXX_LANGUAGE_STANDARD = "gnu++20";
				CLANG_ENABLE_MODULES = YES;
				CLANG_ENABLE_OBJC_ARC = YES;
				CLANG_ENABLE_OBJC_WEAK = YES;
				CLANG_WARN_BLOCK_CAPTURE_AUTORELEASING = YES;
				CLANG_WARN_BOOL_CONVERSION = YES;
				CLANG_WARN_COMMA = YES;
				CLANG_WARN_CONSTANT_CONVERSION = YES;
				CLANG_WARN_DEPRECATED_OBJC_IMPLEMENTATIONS = YES;
				CLANG_WARN_DIRECT_OBJC_ISA_USAGE = YES_ERROR;
				CLANG_WARN_DOCUMENTATION_COMMENTS = YES;
				CLANG_WARN_EMPTY_BODY = YES;
				CLANG_WARN_ENUM_CONVERSION = YES;
				CLANG_WARN_INFINITE_RECURSION = YES;
				CLANG_WARN_INT_CONVERSION = YES;
				CLANG_WARN_NON_LITERAL_NULL_CONVERSION = YES;
				CLANG_WARN_OBJC_IMPLICIT_RETAIN_SELF = YES;
				CLANG_WARN_OBJC_LITERAL_CONVERSION = YES;
				CLANG_WARN_OBJC_ROOT_CLASS = YES_ERROR;
				CLANG_WARN_QUOTED_INCLUDE_IN_FRAMEWORK_HEADER = YES;
				CLANG_WARN_RANGE_LOOP_ANALYSIS = YES;
				CLANG_WARN_STRICT_PROTOTYPES = YES;
				CLANG_WARN_SUSPICIOUS_MOVE = YES;
				CLANG_WARN_UNGUARDED_AVAILABILITY = YES_AGGRESSIVE;
				CLANG_WARN_UNREACHABLE_CODE = YES;
				CLANG_WARN__DUPLICATE_METHOD_MATCH = YES;
				COPY_PHASE_STRIP = NO;
				DEBUG_INFORMATION_FORMAT = dwarf;
				ENABLE_STRICT_OBJC_MSGSEND = YES;
				ENABLE_TESTABILITY = YES;
				GCC_C_LANGUAGE_STANDARD = gnu11;
				GCC_DYNAMIC_NO_PIC = NO;
				GCC_NO_COMMON_BLOCKS = YES;
				GCC_OPTIMIZATION_LEVEL = 0;
				GCC_PREPROCESSOR_DEFINITIONS = (
					"DEBUG=1",
					"$(inherited)",
				);
				GCC_WARN_64_TO_32_BIT_CONVERSION = YES;
				GCC_WARN_ABOUT_RETURN_TYPE = YES_ERROR;
				GCC_WARN_UNDECLARED_SELECTOR = YES;
				GCC_WARN_UNINITIALIZED_AUTOS = YES_AGGRESSIVE;
				GCC_WARN_UNUSED_FUNCTION = YES;
				GCC_WARN_UNUSED_VARIABLE = YES;
				MACOSX_DEPLOYMENT_TARGET = 13.0;
				MTL_ENABLE_DEBUG_INFO = INCLUDE_SOURCE;
				MTL_FAST_MATH = YES;
				ONLY_ACTIVE_ARCH = YES;
				SDKROOT = macosx;
			};
			name = Debug;
		};
		CA0020C2293F03A90002DE32 /* Release */ = {
			isa = XCBuildConfiguration;
			buildSettings = {
				ALWAYS_SEARCH_USER_PATHS = NO;
				CLANG_ANALYZER_NONNULL = YES;
				CLANG_ANALYZER_NUMBER_OBJECT_CONVERSION = YES_AGGRESSIVE;
				CLANG_CXX_LANGUAGE_STANDARD = "gnu++20";
				CLANG_ENABLE_MODULES = YES;
				CLANG_ENABLE_OBJC_ARC = YES;
				CLANG_ENABLE_OBJC_WEAK = YES;
				CLANG_WARN_BLOCK_CAPTURE_AUTORELEASING = YES;
				CLANG_WARN_BOOL_CONVERSION = YES;
				CLANG_WARN_COMMA = YES;
				CLANG_WARN_CONSTANT_CONVERSION = YES;
				CLANG_WARN_DEPRECATED_OBJC_IMPLEMENTATIONS = YES;
				CLANG_WARN_DIRECT_OBJC_ISA_USAGE = YES_ERROR;
				CLANG_WARN_DOCUMENTATION_COMMENTS = YES;
				CLANG_WARN_EMPTY_BODY = YES;
				CLANG_WARN_ENUM_CONVERSION = YES;
				CLANG_WARN_INFINITE_RECURSION = YES;
				CLANG_WARN_INT_CONVERSION = YES;
				CLANG_WARN_NON_LITERAL_NULL_CONVERSION = YES;
				CLANG_WARN_OBJC_IMPLICIT_RETAIN_SELF = YES;
				CLANG_WARN_OBJC_LITERAL_CONVERSION = YES;
				CLANG_WARN_OBJC_ROOT_CLASS = YES_ERROR;
				CLANG_WARN_QUOTED_INCLUDE_IN_FRAMEWORK_HEADER = YES;
				CLANG_WARN_RANGE_LOOP_ANALYSIS = YES;
				CLANG_WARN_STRICT_PROTOTYPES = YES;
				CLANG_WARN_SUSPICIOUS_MOVE = YES;
				CLANG_WARN_UNGUARDED_AVAILABILITY = YES_AGGRESSIVE;
				CLANG_WARN_UNREACHABLE_CODE = YES;
				CLANG_WARN__DUPLICATE_METHOD_MATCH = YES;
				COPY_PHASE_STRIP = NO;
				DEBUG_INFORMATION_FORMAT = "dwarf-with-dsym";
				ENABLE_NS_ASSERTIONS = NO;
				ENABLE_STRICT_OBJC_MSGSEND = YES;
				GCC_C_LANGUAGE_STANDARD = gnu11;
				GCC_NO_COMMON_BLOCKS = YES;
				GCC_WARN_64_TO_32_BIT_CONVERSION = YES;
				GCC_WARN_ABOUT_RETURN_TYPE = YES_ERROR;
				GCC_WARN_UNDECLARED_SELECTOR = YES;
				GCC_WARN_UNINITIALIZED_AUTOS = YES_AGGRESSIVE;
				GCC_WARN_UNUSED_FUNCTION = YES;
				GCC_WARN_UNUSED_VARIABLE = YES;
				MACOSX_DEPLOYMENT_TARGET = 13.0;
				MTL_ENABLE_DEBUG_INFO = NO;
				MTL_FAST_MATH = YES;
				SDKROOT = macosx;
			};
			name = Release;
		};
		CA0020C4293F03A90002DE32 /* Debug */ = {
			isa = XCBuildConfiguration;
			buildSettings = {
				CODE_SIGN_STYLE = Automatic;
				DEVELOPMENT_TEAM = KUY84ZT6AH;
				ENABLE_HARDENED_RUNTIME = YES;
				HEADER_SEARCH_PATHS = /usr/local/boost_1_80_0;
				LIBRARY_SEARCH_PATHS = /usr/local/boost_1_80_0/libs;
				PRODUCT_NAME = "$(TARGET_NAME)";
			};
			name = Debug;
		};
		CA0020C5293F03A90002DE32 /* Release */ = {
			isa = XCBuildConfiguration;
			buildSettings = {
				CODE_SIGN_STYLE = Automatic;
				DEVELOPMENT_TEAM = KUY84ZT6AH;
				ENABLE_HARDENED_RUNTIME = YES;
				HEADER_SEARCH_PATHS = /usr/local/boost_1_80_0;
				LIBRARY_SEARCH_PATHS = /usr/local/boost_1_80_0/libs;
				PRODUCT_NAME = "$(TARGET_NAME)";
			};
			name = Release;
		};
/* End XCBuildConfiguration section */

/* Begin XCConfigurationList section */
		CA0020B7293F03A90002DE32 /* Build configuration list for PBXProject "TradingSystem" */ = {
			isa = XCConfigurationList;
			buildConfigurations = (
				CA0020C1293F03A90002DE32 /* Debug */,
				CA0020C2293F03A90002DE32 /* Release */,
			);
			defaultConfigurationIsVisible = 0;
			defaultConfigurationName = Release;
		};
		CA0020C3293F03A90002DE32 /* Build configuration list for PBXNativeTarget "TradingSystem" */ = {
			isa = XCConfigurationList;
			buildConfigurations = (
				CA0020C4293F03A90002DE32 /* Debug */,
				CA0020C5293F03A90002DE32 /* Release */,
			);
			defaultConfigurationIsVisible = 0;
			defaultConfigurationName = Release;
		};
/* End XCConfigurationList section */
	};
	rootObject = CA0020B4293F03A90002DE32 /* Project object */;
}
